
Microsoft Visual Studio Solution File, Format Version 12.00
# Visual Studio Version 17
VisualStudioVersion = 17.1.32228.430
MinimumVisualStudioVersion = 10.0.40219.1
Project("{FAE04EC0-301F-11D3-BF4B-00C04F79EFBC}") = "capadatos", "capadatos\capadatos.csproj", "{C85A0373-2471-49D2-8FA7-F61CB9AB0EB7}"
EndProject
Project("{FAE04EC0-301F-11D3-BF4B-00C04F79EFBC}") = "capanegocio", "capanegocio\capanegocio.csproj", "{ABFD0FE5-52B7-4BC4-AFF9-B5E7BFF981C5}"
EndProject
Project("{FAE04EC0-301F-11D3-BF4B-00C04F79EFBC}") = "capaentidad", "capaentidad\capaentidad.csproj", "{36765DE7-1C37-4EB0-86DA-C25904FB3E41}"
EndProject
Project("{FAE04EC0-301F-11D3-BF4B-00C04F79EFBC}") = "capa de presentacion", "WindowsFormsApp1\capa de presentacion.csproj", "{EBB9586F-BD8D-48B0-9C9F-57EC54AB97E4}"
EndProject
Global
	GlobalSection(SolutionConfigurationPlatforms) = preSolution
		Debug|Any CPU = Debug|Any CPU
		Release|Any CPU = Release|Any CPU
	EndGlobalSection
	GlobalSection(ProjectConfigurationPlatforms) = postSolution
		{C85A0373-2471-49D2-8FA7-F61CB9AB0EB7}.Debug|Any CPU.ActiveCfg = Debug|Any CPU
		{C85A0373-2471-49D2-8FA7-F61CB9AB0EB7}.Debug|Any CPU.Build.0 = Debug|Any CPU
		{C85A0373-2471-49D2-8FA7-F61CB9AB0EB7}.Release|Any CPU.ActiveCfg = Release|Any CPU
		{C85A0373-2471-49D2-8FA7-F61CB9AB0EB7}.Release|Any CPU.Build.0 = Release|Any CPU
		{ABFD0FE5-52B7-4BC4-AFF9-B5E7BFF981C5}.Debug|Any CPU.ActiveCfg = Debug|Any CPU
		{ABFD0FE5-52B7-4BC4-AFF9-B5E7BFF981C5}.Debug|Any CPU.Build.0 = Debug|Any CPU
		{ABFD0FE5-52B7-4BC4-AFF9-B5E7BFF981C5}.Release|Any CPU.ActiveCfg = Release|Any CPU
		{ABFD0FE5-52B7-4BC4-AFF9-B5E7BFF981C5}.Release|Any CPU.Build.0 = Release|Any CPU
		{36765DE7-1C37-4EB0-86DA-C25904FB3E41}.Debug|Any CPU.ActiveCfg = Debug|Any CPU
		{36765DE7-1C37-4EB0-86DA-C25904FB3E41}.Debug|Any CPU.Build.0 = Debug|Any CPU
		{36765DE7-1C37-4EB0-86DA-C25904FB3E41}.Release|Any CPU.ActiveCfg = Release|Any CPU
		{36765DE7-1C37-4EB0-86DA-C25904FB3E41}.Release|Any CPU.Build.0 = Release|Any CPU
		{EBB9586F-BD8D-48B0-9C9F-57EC54AB97E4}.Debug|Any CPU.ActiveCfg = Debug|Any CPU
		{EBB9586F-BD8D-48B0-9C9F-57EC54AB97E4}.Debug|Any CPU.Build.0 = Debug|Any CPU
		{EBB9586F-BD8D-48B0-9C9F-57EC54AB97E4}.Release|Any CPU.ActiveCfg = Release|Any CPU
		{EBB9586F-BD8D-48B0-9C9F-57EC54AB97E4}.Release|Any CPU.Build.0 = Release|Any CPU
	EndGlobalSection
	GlobalSection(SolutionProperties) = preSolution
		HideSolutionNode = FALSE
	EndGlobalSection
	GlobalSection(ExtensibilityGlobals) = postSolution
		SolutionGuid = {91D695E8-5228-480F-9C20-221770F77224}
	EndGlobalSection
EndGlobal
